{
  "//WARNING": "DO NOT EDIT DIRECTLY! This file is automatically generated. Edit adapters/env/package-config.js instead.",
  "name": "norml",
  "version": "0.1.0",
  "lockfileVersion": 3,
  "requires": true,
  "packages": {
    "": {
      "name": "norml",
      "version": "0.1.0",
      "engines": {
        "node": ">=20.0.0"
      }
    }
  }
}